
Microsoft Visual Studio Solution File, Format Version 12.00
# Visual Studio Version 17
VisualStudioVersion = 17.4.33205.214
MinimumVisualStudioVersion = 10.0.40219.1
Project("{FAE04EC0-301F-11D3-BF4B-00C04F79EFBC}") = "ContactManager.API", "ContactManager.API\ContactManager.API.csproj", "{B3FB9D9C-2ADA-4869-85B7-D1118C3EEA70}"
EndProject
Project("{FAE04EC0-301F-11D3-BF4B-00C04F79EFBC}") = "ContactManager.DataAccess", "ContactManager.DataAccess\ContactManager.DataAccess.csproj", "{B3B9D411-3D1A-46B5-A315-CBFBB29C4CD5}"
EndProject
Global
	GlobalSection(SolutionConfigurationPlatforms) = preSolution
		Debug|Any CPU = Debug|Any CPU
		Release|Any CPU = Release|Any CPU
	EndGlobalSection
	GlobalSection(ProjectConfigurationPlatforms) = postSolution
		{B3FB9D9C-2ADA-4869-85B7-D1118C3EEA70}.Debug|Any CPU.ActiveCfg = Debug|Any CPU
		{B3FB9D9C-2ADA-4869-85B7-D1118C3EEA70}.Debug|Any CPU.Build.0 = Debug|Any CPU
		{B3FB9D9C-2ADA-4869-85B7-D1118C3EEA70}.Release|Any CPU.ActiveCfg = Release|Any CPU
		{B3FB9D9C-2ADA-4869-85B7-D1118C3EEA70}.Release|Any CPU.Build.0 = Release|Any CPU
		{B3B9D411-3D1A-46B5-A315-CBFBB29C4CD5}.Debug|Any CPU.ActiveCfg = Debug|Any CPU
		{B3B9D411-3D1A-46B5-A315-CBFBB29C4CD5}.Debug|Any CPU.Build.0 = Debug|Any CPU
		{B3B9D411-3D1A-46B5-A315-CBFBB29C4CD5}.Release|Any CPU.ActiveCfg = Release|Any CPU
		{B3B9D411-3D1A-46B5-A315-CBFBB29C4CD5}.Release|Any CPU.Build.0 = Release|Any CPU
	EndGlobalSection
	GlobalSection(SolutionProperties) = preSolution
		HideSolutionNode = FALSE
	EndGlobalSection
	GlobalSection(ExtensibilityGlobals) = postSolution
		SolutionGuid = {A293EA93-CABF-4129-B4DF-915E2874404B}
	EndGlobalSection
EndGlobal
